
Microsoft Visual Studio Solution File, Format Version 12.00
Project("{FAE04EC0-301F-11D3-BF4B-00C04F79EFBC}") = "VoxelPathTracer", "VoxelPathTracer\VoxelPathTracer.csproj", "{0E82DF12-F76A-4732-BD7E-477F6338BE48}"
EndProject
Project("{FAE04EC0-301F-11D3-BF4B-00C04F79EFBC}") = "BasicExample", "BasicExample\BasicExample.csproj", "{46E38059-2366-476D-97F0-6E8020579372}"
EndProject
Project("{FAE04EC0-301F-11D3-BF4B-00C04F79EFBC}") = "MengerSpongeExample", "MengerSpongeExample\MengerSpongeExample.csproj", "{17EB27A0-451D-4194-8D38-7A9683BC2BE6}"
EndProject
Global
	GlobalSection(SolutionConfigurationPlatforms) = preSolution
		Debug|Any CPU = Debug|Any CPU
		Release|Any CPU = Release|Any CPU
	EndGlobalSection
	GlobalSection(ProjectConfigurationPlatforms) = postSolution
		{0E82DF12-F76A-4732-BD7E-477F6338BE48}.Debug|Any CPU.ActiveCfg = Debug|Any CPU
		{0E82DF12-F76A-4732-BD7E-477F6338BE48}.Debug|Any CPU.Build.0 = Debug|Any CPU
		{0E82DF12-F76A-4732-BD7E-477F6338BE48}.Release|Any CPU.ActiveCfg = Release|Any CPU
		{0E82DF12-F76A-4732-BD7E-477F6338BE48}.Release|Any CPU.Build.0 = Release|Any CPU
		{46E38059-2366-476D-97F0-6E8020579372}.Debug|Any CPU.ActiveCfg = Debug|Any CPU
		{46E38059-2366-476D-97F0-6E8020579372}.Debug|Any CPU.Build.0 = Debug|Any CPU
		{46E38059-2366-476D-97F0-6E8020579372}.Release|Any CPU.ActiveCfg = Release|Any CPU
		{46E38059-2366-476D-97F0-6E8020579372}.Release|Any CPU.Build.0 = Release|Any CPU
		{17EB27A0-451D-4194-8D38-7A9683BC2BE6}.Debug|Any CPU.ActiveCfg = Debug|Any CPU
		{17EB27A0-451D-4194-8D38-7A9683BC2BE6}.Debug|Any CPU.Build.0 = Debug|Any CPU
		{17EB27A0-451D-4194-8D38-7A9683BC2BE6}.Release|Any CPU.ActiveCfg = Release|Any CPU
		{17EB27A0-451D-4194-8D38-7A9683BC2BE6}.Release|Any CPU.Build.0 = Release|Any CPU
	EndGlobalSection
EndGlobal
